
Microsoft Visual Studio Solution File, Format Version 12.00
# Visual Studio Version 16
VisualStudioVersion = 16.0.28803.202
MinimumVisualStudioVersion = 10.0.40219.1
Project("{FAE04EC0-301F-11D3-BF4B-00C04F79EFBC}") = "Pidgeot.Messages", "Pidgeot.Messages\Pidgeot.Messages.csproj", "{26EB6F00-3039-499D-B26C-37E7CB04FB87}"
EndProject
Project("{FAE04EC0-301F-11D3-BF4B-00C04F79EFBC}") = "Pidgeot.App", "Pidgeot.App\Pidgeot.App.csproj", "{12734F62-061C-47CB-B32B-B7F4602D4D55}"
EndProject
Project("{FAE04EC0-301F-11D3-BF4B-00C04F79EFBC}") = "Pidgeot.Radar.App", "Pidgeot.Radar.App\Pidgeot.Radar.App.csproj", "{A6F5FEF8-8D87-494A-A0FF-08F979DF0E6A}"
EndProject
Global
	GlobalSection(SolutionConfigurationPlatforms) = preSolution
		Debug|Any CPU = Debug|Any CPU
		Release|Any CPU = Release|Any CPU
	EndGlobalSection
	GlobalSection(ProjectConfigurationPlatforms) = postSolution
		{26EB6F00-3039-499D-B26C-37E7CB04FB87}.Debug|Any CPU.ActiveCfg = Debug|Any CPU
		{26EB6F00-3039-499D-B26C-37E7CB04FB87}.Debug|Any CPU.Build.0 = Debug|Any CPU
		{26EB6F00-3039-499D-B26C-37E7CB04FB87}.Release|Any CPU.ActiveCfg = Release|Any CPU
		{26EB6F00-3039-499D-B26C-37E7CB04FB87}.Release|Any CPU.Build.0 = Release|Any CPU
		{12734F62-061C-47CB-B32B-B7F4602D4D55}.Debug|Any CPU.ActiveCfg = Debug|Any CPU
		{12734F62-061C-47CB-B32B-B7F4602D4D55}.Debug|Any CPU.Build.0 = Debug|Any CPU
		{12734F62-061C-47CB-B32B-B7F4602D4D55}.Release|Any CPU.ActiveCfg = Release|Any CPU
		{12734F62-061C-47CB-B32B-B7F4602D4D55}.Release|Any CPU.Build.0 = Release|Any CPU
		{A6F5FEF8-8D87-494A-A0FF-08F979DF0E6A}.Debug|Any CPU.ActiveCfg = Debug|Any CPU
		{A6F5FEF8-8D87-494A-A0FF-08F979DF0E6A}.Debug|Any CPU.Build.0 = Debug|Any CPU
		{A6F5FEF8-8D87-494A-A0FF-08F979DF0E6A}.Release|Any CPU.ActiveCfg = Release|Any CPU
		{A6F5FEF8-8D87-494A-A0FF-08F979DF0E6A}.Release|Any CPU.Build.0 = Release|Any CPU
	EndGlobalSection
	GlobalSection(SolutionProperties) = preSolution
		HideSolutionNode = FALSE
	EndGlobalSection
	GlobalSection(ExtensibilityGlobals) = postSolution
		SolutionGuid = {F3FD1329-CACE-48D1-BDA1-CD13D727C669}
	EndGlobalSection
EndGlobal
